
Microsoft Visual Studio Solution File, Format Version 12.00
# Visual Studio 2013
VisualStudioVersion = 12.0.21005.1
MinimumVisualStudioVersion = 10.0.40219.1
Project("{2150E333-8FDC-42A3-9474-1A3956D46DE8}") = "Solution Items", "Solution Items", "{5F5BA1C0-0155-41B8-BBFB-A385597D75C9}"
	ProjectSection(SolutionItems) = preProject
		..\..\..\..\APPDATA\LOCAL\MICROSOFT\VISUALSTUDIO\11.0\EXTENSIONS\YM1D0PIO.I2U\description.html = ..\..\..\..\APPDATA\LOCAL\MICROSOFT\VISUALSTUDIO\11.0\EXTENSIONS\YM1D0PIO.I2U\description.html
	EndProjectSection
EndProject
Project("{FAE04EC0-301F-11D3-BF4B-00C04F79EFBC}") = "TimeTracker", "Mvc3Razor\TimeTracker.csproj", "{0278D5CD-9A99-4866-8FC4-F7C16C8A26E6}"
EndProject
Project("{FAE04EC0-301F-11D3-BF4B-00C04F79EFBC}") = "TrackerXML.Helper", "TrackerXML.Helper\TrackerXML.Helper.csproj", "{CC296CF6-1494-4E65-B742-5F647897B29B}"
EndProject
Project("{FAE04EC0-301F-11D3-BF4B-00C04F79EFBC}") = "DesktopEnvironmentManager", "DesktopEnvironmentManager\DesktopEnvironmentManager.csproj", "{D86E4D2E-586D-4C70-A442-B79ABC64C5F2}"
EndProject
Project("{FAE04EC0-301F-11D3-BF4B-00C04F79EFBC}") = "TimeTrackerWebConsole", "TimeTrackerWebConsole\TimeTrackerWebConsole.csproj", "{6EFC3F82-9797-4F7D-B70C-C93D37A14B76}"
EndProject
Global
	GlobalSection(SolutionConfigurationPlatforms) = preSolution
		Debug|Any CPU = Debug|Any CPU
		Release|Any CPU = Release|Any CPU
	EndGlobalSection
	GlobalSection(ProjectConfigurationPlatforms) = postSolution
		{0278D5CD-9A99-4866-8FC4-F7C16C8A26E6}.Debug|Any CPU.ActiveCfg = Debug|Any CPU
		{0278D5CD-9A99-4866-8FC4-F7C16C8A26E6}.Debug|Any CPU.Build.0 = Debug|Any CPU
		{0278D5CD-9A99-4866-8FC4-F7C16C8A26E6}.Release|Any CPU.ActiveCfg = Release|Any CPU
		{0278D5CD-9A99-4866-8FC4-F7C16C8A26E6}.Release|Any CPU.Build.0 = Release|Any CPU
		{CC296CF6-1494-4E65-B742-5F647897B29B}.Debug|Any CPU.ActiveCfg = Debug|Any CPU
		{CC296CF6-1494-4E65-B742-5F647897B29B}.Debug|Any CPU.Build.0 = Debug|Any CPU
		{CC296CF6-1494-4E65-B742-5F647897B29B}.Release|Any CPU.ActiveCfg = Release|Any CPU
		{CC296CF6-1494-4E65-B742-5F647897B29B}.Release|Any CPU.Build.0 = Release|Any CPU
		{D86E4D2E-586D-4C70-A442-B79ABC64C5F2}.Debug|Any CPU.ActiveCfg = Debug|Any CPU
		{D86E4D2E-586D-4C70-A442-B79ABC64C5F2}.Debug|Any CPU.Build.0 = Debug|Any CPU
		{D86E4D2E-586D-4C70-A442-B79ABC64C5F2}.Release|Any CPU.ActiveCfg = Release|Any CPU
		{D86E4D2E-586D-4C70-A442-B79ABC64C5F2}.Release|Any CPU.Build.0 = Release|Any CPU
		{6EFC3F82-9797-4F7D-B70C-C93D37A14B76}.Debug|Any CPU.ActiveCfg = Debug|Any CPU
		{6EFC3F82-9797-4F7D-B70C-C93D37A14B76}.Debug|Any CPU.Build.0 = Debug|Any CPU
		{6EFC3F82-9797-4F7D-B70C-C93D37A14B76}.Release|Any CPU.ActiveCfg = Release|Any CPU
		{6EFC3F82-9797-4F7D-B70C-C93D37A14B76}.Release|Any CPU.Build.0 = Release|Any CPU
	EndGlobalSection
	GlobalSection(SolutionProperties) = preSolution
		HideSolutionNode = FALSE
	EndGlobalSection
EndGlobal
